<?xml version="1.0" encoding="utf-8"?>
<Project ToolsVersion="4.0" xmlns="http://schemas.microsoft.com/developer/msbuild/2003">
  <ItemGroup>
    <Filter Include="Header">
      <UniqueIdentifier>{93995380-89BD-4b04-88EB-625FBE52EBFB}</UniqueIdentifier>
      <Extensions>h;hh;hpp;hxx;hm;inl;inc;xsd</Extensions>
    </Filter>
    <Filter Include="Header\Engine">
      <UniqueIdentifier>{8c33f709-f8ad-41dd-85eb-7cc2ddbb92eb}</UniqueIdentifier>
    </Filter>
    <Filter Include="Header\Utils">
      <UniqueIdentifier>{4d7db0c6-396d-4713-bb18-3d27880b0c63}</UniqueIdentifier>
    </Filter>
    <Filter Include="Header\Objects">
      <UniqueIdentifier>{8643f600-84c4-475b-ace1-48d4e1014c44}</UniqueIdentifier>
    </Filter>
    <Filter Include="Source">
      <UniqueIdentifier>{4FC737F1-C7A5-4376-A066-2A32D752A2FF}</UniqueIdentifier>
      <Extensions>cpp;c;cc;cxx;def;odl;idl;hpj;bat;asm;asmx</Extensions>
    </Filter>
    <Filter Include="Source\Objects">
      <UniqueIdentifier>{465ade86-a295-40ee-9231-ef935f9fdfc5}</UniqueIdentifier>
    </Filter>
    <Filter Include="Source\ImGui">
      <UniqueIdentifier>{918ef40d-57b1-4e54-8ec9-4cdb415dc646}</UniqueIdentifier>
    </Filter>
    <Filter Include="Header\ImGui">
      <UniqueIdentifier>{602701fc-1e52-4238-abc5-4237bd153d56}</UniqueIdentifier>
    </Filter>
    <Filter Include="Header\ImGui\dx9">
      <UniqueIdentifier>{2140639d-5805-4406-b4ad-742f652dcbb5}</UniqueIdentifier>
    </Filter>
    <Filter Include="Source\ImGui\dx9">
      <UniqueIdentifier>{1ca905e8-3050-4055-9d6b-e551add579fd}</UniqueIdentifier>
    </Filter>
    <Filter Include="Source\ImGui\win32">
      <UniqueIdentifier>{7851c95f-31dd-4ac9-8755-004921567345}</UniqueIdentifier>
    </Filter>
    <Filter Include="Header\ImGui\win32">
      <UniqueIdentifier>{91e3208b-eec4-4d26-934e-2528e2aaa015}</UniqueIdentifier>
    </Filter>
    <Filter Include="Header\Autoupdater">
      <UniqueIdentifier>{f5ad904d-f03f-4fc5-901b-3152e575c6d9}</UniqueIdentifier>
    </Filter>
    <Filter Include="Source\Autoupdater">
      <UniqueIdentifier>{160e23ab-ca22-4b61-83b7-d3511791ac3d}</UniqueIdentifier>
    </Filter>
    <Filter Include="Header\Debug">
      <UniqueIdentifier>{a5ad98fc-843e-4416-8944-59a92e007659}</UniqueIdentifier>
    </Filter>
    <Filter Include="Source\Debug">
      <UniqueIdentifier>{ab739b70-f367-4dfe-9c7c-453600a1431f}</UniqueIdentifier>
    </Filter>
    <Filter Include="Header\Orbwalker">
      <UniqueIdentifier>{b24e8208-8523-4d3b-a3c5-a68d638f72b1}</UniqueIdentifier>
    </Filter>
    <Filter Include="Source\Orbwalker">
      <UniqueIdentifier>{c4c0267e-9b6e-44f9-b318-83a2a829895a}</UniqueIdentifier>
    </Filter>
    <Filter Include="Header\Autokey">
      <UniqueIdentifier>{e7241f11-edc0-4fb8-855b-6709419e3100}</UniqueIdentifier>
    </Filter>
    <Filter Include="Source\Autokey">
      <UniqueIdentifier>{bb33b2c2-a594-4d1b-927d-0964ac6c44fd}</UniqueIdentifier>
    </Filter>
    <Filter Include="Source\Spell">
      <UniqueIdentifier>{7c805136-0bff-4dc0-9bd4-278139ac4df7}</UniqueIdentifier>
    </Filter>
    <Filter Include="Source\Utils">
      <UniqueIdentifier>{9b9fd5b4-72f0-4734-8e94-bfd7fb14a854}</UniqueIdentifier>
    </Filter>
    <Filter Include="Header\Spell">
      <UniqueIdentifier>{4e090b58-a006-4eab-ac43-e58b8ded7e7e}</UniqueIdentifier>
    </Filter>
    <Filter Include="Header\Evader">
      <UniqueIdentifier>{bf1be334-31ab-4a6e-845d-eb30d2f22bd8}</UniqueIdentifier>
    </Filter>
    <Filter Include="Source\Evader">
      <UniqueIdentifier>{ebfecab9-482a-42b7-9924-08341b25cae2}</UniqueIdentifier>
    </Filter>
    <Filter Include="Header\Prediction">
      <UniqueIdentifier>{6aececaa-95ca-4f38-8f10-c3320e1c323c}</UniqueIdentifier>
    </Filter>
    <Filter Include="Source\Prediction">
      <UniqueIdentifier>{793c60a4-d7a8-4520-b040-148657966d5f}</UniqueIdentifier>
    </Filter>
    <Filter Include="Header\Buff">
      <UniqueIdentifier>{f43d2fd6-85dc-4786-94cd-bc8ea08732f2}</UniqueIdentifier>
    </Filter>
    <Filter Include="Header\AIManager">
      <UniqueIdentifier>{2ee7fd93-b69f-43b3-aa89-4e572c3a28c6}</UniqueIdentifier>
    </Filter>
    <Filter Include="Source\Buff">
      <UniqueIdentifier>{a172d198-61a8-4c51-924d-5fe591451099}</UniqueIdentifier>
    </Filter>
    <Filter Include="Source\AIManager">
      <UniqueIdentifier>{48ef5967-32cf-47f4-874f-7f49f9a8395e}</UniqueIdentifier>
    </Filter>
    <Filter Include="Header\CycleManager">
      <UniqueIdentifier>{1463445b-adc1-4343-bf98-5a2840b6ac37}</UniqueIdentifier>
    </Filter>
    <Filter Include="Source\CycleManager">
      <UniqueIdentifier>{79b048e9-1518-4f1a-bf43-544eb22269c8}</UniqueIdentifier>
    </Filter>
    <Filter Include="Header\ZoomHack">
      <UniqueIdentifier>{91f3bb9b-a62a-44f7-a398-de183a5635a4}</UniqueIdentifier>
    </Filter>
    <Filter Include="Source\ZoomHack">
      <UniqueIdentifier>{d4b53cb6-a5b0-49d6-b500-dd75a4063c19}</UniqueIdentifier>
    </Filter>
    <Filter Include="Header\SpellPrediction">
      <UniqueIdentifier>{5c55f605-1c05-4fd0-9d31-0ba1f248f172}</UniqueIdentifier>
    </Filter>
    <Filter Include="Header\Scripts">
      <UniqueIdentifier>{4ab92fe6-8220-4121-9030-76e1df13dee1}</UniqueIdentifier>
    </Filter>
    <Filter Include="Source\Scripts">
      <UniqueIdentifier>{8d645327-a32a-45ff-9f70-5e60e031a856}</UniqueIdentifier>
    </Filter>
    <Filter Include="Header\Stat">
      <UniqueIdentifier>{c25612c1-b5f8-4c94-a766-1cfffa81f802}</UniqueIdentifier>
    </Filter>
    <Filter Include="Source\Engine">
      <UniqueIdentifier>{a2ec2cab-6aee-4f3e-b4d6-eb1677f565a3}</UniqueIdentifier>
    </Filter>
    <Filter Include="Source\Hvpp">
      <UniqueIdentifier>{2a1639a1-ec87-4fce-96f3-568824dc5339}</UniqueIdentifier>
    </Filter>
    <Filter Include="Header\Hvpp">
      <UniqueIdentifier>{f40f413a-08b9-48b5-8d61-abfb4997b78d}</UniqueIdentifier>
    </Filter>
    <Filter Include="Header\ColdHook">
      <UniqueIdentifier>{df14e263-b2f2-4358-bc1a-6e826ea3c176}</UniqueIdentifier>
    </Filter>
    <Filter Include="Source\ColdHook">
      <UniqueIdentifier>{7cb2e7f8-ee78-4c7f-bfaf-7a9b2b544395}</UniqueIdentifier>
    </Filter>
  </ItemGroup>
  <ItemGroup>
    <ClInclude Include="Engine.h">
      <Filter>Header\Engine</Filter>
    </ClInclude>
    <ClInclude Include="Utils.h">
      <Filter>Header\Utils</Filter>
    </ClInclude>
    <ClInclude Include="CObjectManager.h">
      <Filter>Header\Objects</Filter>
    </ClInclude>
    <ClInclude Include="CObject.h">
      <Filter>Header\Objects</Filter>
    </ClInclude>
    <ClInclude Include="Vector.h">
      <Filter>Header\Utils</Filter>
    </ClInclude>
    <ClInclude Include="Hooks.h">
      <Filter>Header\Engine</Filter>
    </ClInclude>
    <ClInclude Include="CSpellBook.h">
      <Filter>Header\Spell</Filter>
    </ClInclude>
    <ClInclude Include="imgui\dx9\imgui_impl_dx9.h">
      <Filter>Header\ImGui\dx9</Filter>
    </ClInclude>
    <ClInclude Include="imgui\imconfig.h">
      <Filter>Header\ImGui</Filter>
    </ClInclude>
    <ClInclude Include="imgui\imgui.h">
      <Filter>Header\ImGui</Filter>
    </ClInclude>
    <ClInclude Include="imgui\imgui_internal.h">
      <Filter>Header\ImGui</Filter>
    </ClInclude>
    <ClInclude Include="imgui\imstb_rectpack.h">
      <Filter>Header\ImGui</Filter>
    </ClInclude>
    <ClInclude Include="imgui\imstb_textedit.h">
      <Filter>Header\ImGui</Filter>
    </ClInclude>
    <ClInclude Include="imgui\imstb_truetype.h">
      <Filter>Header\ImGui</Filter>
    </ClInclude>
    <ClInclude Include="imgui\win32\imgui_impl_win32.h">
      <Filter>Header\ImGui\win32</Filter>
    </ClInclude>
    <ClInclude Include="Autoupdater.h">
      <Filter>Header\Autoupdater</Filter>
    </ClInclude>
    <ClInclude Include="Offsets.h">
      <Filter>Header\Autoupdater</Filter>
    </ClInclude>
    <ClInclude Include="Debug.h">
      <Filter>Header\Debug</Filter>
    </ClInclude>
    <ClInclude Include="Orbwalker.h">
      <Filter>Header\Orbwalker</Filter>
    </ClInclude>
    <ClInclude Include="Autokey.h">
      <Filter>Header\Autokey</Filter>
    </ClInclude>
    <ClInclude Include="CSpell.h">
      <Filter>Header\Spell</Filter>
    </ClInclude>
    <ClInclude Include="CSpellCastInfo.h">
      <Filter>Header\Spell</Filter>
    </ClInclude>
    <ClInclude Include="CSpellData.h">
      <Filter>Header\Spell</Filter>
    </ClInclude>
    <ClInclude Include="CSpellInfo.h">
      <Filter>Header\Spell</Filter>
    </ClInclude>
    <ClInclude Include="Evader.h">
      <Filter>Header\Evader</Filter>
    </ClInclude>
    <ClInclude Include="CConsole.h">
      <Filter>Header\Debug</Filter>
    </ClInclude>
    <ClInclude Include="Prediction.h">
      <Filter>Header\Prediction</Filter>
    </ClInclude>
    <ClInclude Include="AIManager.h">
      <Filter>Header\AIManager</Filter>
    </ClInclude>
    <ClInclude Include="CycleManager.h">
      <Filter>Header\CycleManager</Filter>
    </ClInclude>
    <ClInclude Include="CSpellEntry.h">
      <Filter>Header\Spell</Filter>
    </ClInclude>
    <ClInclude Include="ESpellSlot.h">
      <Filter>Header\Spell</Filter>
    </ClInclude>
    <ClInclude Include="ZoomHack.h">
      <Filter>Header\ZoomHack</Filter>
    </ClInclude>
    <ClInclude Include="SpellPrediction.h">
      <Filter>Header\SpellPrediction</Filter>
    </ClInclude>
    <ClInclude Include="Keyboard.h">
      <Filter>Header\Utils</Filter>
    </ClInclude>
    <ClInclude Include="Morgana.h">
      <Filter>Header\Scripts</Filter>
    </ClInclude>
    <ClInclude Include="Script.h">
      <Filter>Header\Scripts</Filter>
    </ClInclude>
    <ClInclude Include="ScriptUtils.h">
      <Filter>Header\Scripts</Filter>
    </ClInclude>
    <ClInclude Include="Detour.h">
      <Filter>Header\Engine</Filter>
    </ClInclude>
    <ClInclude Include="CStatOwner.h">
      <Filter>Header\Stat</Filter>
    </ClInclude>
    <ClInclude Include="ImRender.h">
      <Filter>Header\ImGui</Filter>
    </ClInclude>
    <ClInclude Include="Hvpp.h">
      <Filter>Header\Hvpp</Filter>
    </ClInclude>
    <ClInclude Include="hvpp\ia32\asm.h">
      <Filter>Header\Hvpp</Filter>
    </ClInclude>
    <ClInclude Include="hvpp\lib\mp.h">
      <Filter>Header\Hvpp</Filter>
    </ClInclude>
    <ClInclude Include="ColdHook.h">
      <Filter>Header\ColdHook</Filter>
    </ClInclude>
    <ClInclude Include="Brand.h">
      <Filter>Header\Scripts</Filter>
    </ClInclude>
    <ClInclude Include="HvppIoctl.h">
      <Filter>Header\Hvpp</Filter>
    </ClInclude>
    <ClInclude Include="Caitlyn.h">
      <Filter>Header\Scripts</Filter>
    </ClInclude>
    <ClInclude Include="CBuffManager.h">
      <Filter>Header\Buff</Filter>
    </ClInclude>
    <ClInclude Include="CBuffEntry.h">
      <Filter>Header\Buff</Filter>
    </ClInclude>
  </ItemGroup>
  <ItemGroup>
    <ClCompile Include="dllmain.cpp">
      <Filter>Source</Filter>
    </ClCompile>
    <ClCompile Include="CObject.cpp">
      <Filter>Source\Objects</Filter>
    </ClCompile>
    <ClCompile Include="imgui\dx9\imgui_impl_dx9.cpp">
      <Filter>Source\ImGui\dx9</Filter>
    </ClCompile>
    <ClCompile Include="imgui\imgui.cpp">
      <Filter>Source\ImGui</Filter>
    </ClCompile>
    <ClCompile Include="imgui\imgui_draw.cpp">
      <Filter>Source\ImGui</Filter>
    </ClCompile>
    <ClCompile Include="imgui\imgui_widgets.cpp">
      <Filter>Source\ImGui</Filter>
    </ClCompile>
    <ClCompile Include="imgui\win32\imgui_impl_win32.cpp">
      <Filter>Source\ImGui\win32</Filter>
    </ClCompile>
    <ClCompile Include="Autoupdater.cpp">
      <Filter>Source\Autoupdater</Filter>
    </ClCompile>
    <ClCompile Include="Offsets.cpp">
      <Filter>Source\Autoupdater</Filter>
    </ClCompile>
    <ClCompile Include="Debug.cpp">
      <Filter>Source\Debug</Filter>
    </ClCompile>
    <ClCompile Include="Orbwalker.cpp">
      <Filter>Source\Orbwalker</Filter>
    </ClCompile>
    <ClCompile Include="Autokey.cpp">
      <Filter>Source\Autokey</Filter>
    </ClCompile>
    <ClCompile Include="CSpellData.cpp">
      <Filter>Source\Spell</Filter>
    </ClCompile>
    <ClCompile Include="Utils.cpp">
      <Filter>Source\Utils</Filter>
    </ClCompile>
    <ClCompile Include="CConsole.cpp">
      <Filter>Source\Debug</Filter>
    </ClCompile>
    <ClCompile Include="Evader.cpp">
      <Filter>Source\Evader</Filter>
    </ClCompile>
    <ClCompile Include="Prediction.cpp">
      <Filter>Source\Prediction</Filter>
    </ClCompile>
    <ClCompile Include="AIManager.cpp">
      <Filter>Source\AIManager</Filter>
    </ClCompile>
    <ClCompile Include="CycleManager.cpp">
      <Filter>Source\CycleManager</Filter>
    </ClCompile>
    <ClCompile Include="CSpellBook.cpp">
      <Filter>Source\Spell</Filter>
    </ClCompile>
    <ClCompile Include="CSpellEntry.cpp">
      <Filter>Source\Spell</Filter>
    </ClCompile>
    <ClCompile Include="CSpellCastInfo.cpp">
      <Filter>Source\Spell</Filter>
    </ClCompile>
    <ClCompile Include="CSpell.cpp">
      <Filter>Source\Spell</Filter>
    </ClCompile>
    <ClCompile Include="CSpellInfo.cpp">
      <Filter>Source\Spell</Filter>
    </ClCompile>
    <ClCompile Include="ZoomHack.cpp">
      <Filter>Source\ZoomHack</Filter>
    </ClCompile>
    <ClCompile Include="Keyboard.cpp">
      <Filter>Source\Utils</Filter>
    </ClCompile>
    <ClCompile Include="Morgana.cpp">
      <Filter>Source\Scripts</Filter>
    </ClCompile>
    <ClCompile Include="ScriptUtils.cpp">
      <Filter>Source\Scripts</Filter>
    </ClCompile>
    <ClCompile Include="ImRender.cpp">
      <Filter>Source\ImGui</Filter>
    </ClCompile>
    <ClCompile Include="Detour.cpp">
      <Filter>Source\Engine</Filter>
    </ClCompile>
    <ClCompile Include="Hvpp.cpp">
      <Filter>Source\Hvpp</Filter>
    </ClCompile>
    <ClCompile Include="hvpp\lib\mp.cpp">
      <Filter>Source\Hvpp</Filter>
    </ClCompile>
    <ClCompile Include="ColdHook.cpp">
      <Filter>Source\ColdHook</Filter>
    </ClCompile>
    <ClCompile Include="Brand.cpp">
      <Filter>Source\Scripts</Filter>
    </ClCompile>
    <ClCompile Include="HvppIoctl.cpp">
      <Filter>Source\Hvpp</Filter>
    </ClCompile>
    <ClCompile Include="Caitlyn.cpp">
      <Filter>Source\Scripts</Filter>
    </ClCompile>
    <ClCompile Include="CBuffEntry.cpp">
      <Filter>Source\Buff</Filter>
    </ClCompile>
    <ClCompile Include="CBuffManager.cpp">
      <Filter>Source\Buff</Filter>
    </ClCompile>
  </ItemGroup>
  <ItemGroup>
    <MASM Include="hvpp\ia32\asm.asm">
      <Filter>Source\Hvpp</Filter>
    </MASM>
  </ItemGroup>
</Project>